# THIS IS AN AUTOGENERATED FILE. DO NOT EDIT THIS FILE DIRECTLY.
# yarn lockfile v1


dotenv@^16.0.3:
  version "16.0.3"
  resolved "https://registry.yarnpkg.com/dotenv/-/dotenv-16.0.3.tgz#115aec42bac5053db3c456db30cc243a5a836a07"
  integrity sha512-7GO6HghkA5fYG9TYnNxi14/7K9f5occMlp3zXAuSxn7CKCxt9xbNWG7yF8hTCSUchlfWSe3uLmlPfigevRItzQ==

uWebSockets.js@uNetworking/uWebSockets.js#v20.10.0:
  version "20.10.0"
  resolved "https://codeload.github.com/uNetworking/uWebSockets.js/tar.gz/806df48c9da86af7b3341f3e443388c7cd15c3de"
